
Microsoft Visual Studio Solution File, Format Version 12.00
# Visual Studio Version 17
VisualStudioVersion = 17.5.33414.496
MinimumVisualStudioVersion = 10.0.40219.1
Project("{9A19103F-16F7-4668-BE54-9A1E7A4F7556}") = "VetAwesome.Domain", "VetAwesome.Domain\VetAwesome.Domain.csproj", "{1BA1BD7B-5AF5-4A71-A800-B1D0C678C499}"
EndProject
Project("{9A19103F-16F7-4668-BE54-9A1E7A4F7556}") = "VetAwesome.Application", "VetAwesome.Application\VetAwesome.Application.csproj", "{C1863EBF-911B-498F-AB05-E54E9D794CD8}"
EndProject
Project("{9A19103F-16F7-4668-BE54-9A1E7A4F7556}") = "VetAwesome.Infrastructure", "VetAwesome.Infrastructure\VetAwesome.Infrastructure.csproj", "{954B67F5-6658-4F38-9F6C-F3EA0AD0267C}"
EndProject
Project("{9A19103F-16F7-4668-BE54-9A1E7A4F7556}") = "VetAwesome.Presentation", "VetAwesome.Presentation\VetAwesome.Presentation.csproj", "{5BCCEDF1-71A4-4011-90D0-245ECF65BDE7}"
EndProject
Project("{9A19103F-16F7-4668-BE54-9A1E7A4F7556}") = "VetAwesome.Api", "VetAwesome.Api\VetAwesome.Api.csproj", "{1B03C29B-4B27-49F2-B3D6-4203B1A3CAF0}"
EndProject
Project("{9A19103F-16F7-4668-BE54-9A1E7A4F7556}") = "zPowerTools", "zPowerTools\zPowerTools.csproj", "{CB471722-FA3C-45B0-B89D-5C056F767197}"
EndProject
Project("{9A19103F-16F7-4668-BE54-9A1E7A4F7556}") = "VetAwesome.Seeder", "VetAwesome.Seeder\VetAwesome.Seeder.csproj", "{B872A8FA-8231-4483-81DB-12B526AF74AA}"
EndProject
Project("{2150E333-8FDC-42A3-9474-1A3956D46DE8}") = "SQL", "SQL", "{1893893F-156D-4584-830B-9C385BDE77ED}"
	ProjectSection(SolutionItems) = preProject
		SQL\drop-tables.sql = SQL\drop-tables.sql
		SQL\QueryAppointments.sql = SQL\QueryAppointments.sql
		SQL\create-tables.sql = SQL\create-tables.sql
		SQL\Users.sql = SQL\Users.sql
	EndProjectSection
EndProject
Global
	GlobalSection(SolutionConfigurationPlatforms) = preSolution
		Debug|Any CPU = Debug|Any CPU
		Release|Any CPU = Release|Any CPU
	EndGlobalSection
	GlobalSection(ProjectConfigurationPlatforms) = postSolution
		{1BA1BD7B-5AF5-4A71-A800-B1D0C678C499}.Debug|Any CPU.ActiveCfg = Debug|Any CPU
		{1BA1BD7B-5AF5-4A71-A800-B1D0C678C499}.Debug|Any CPU.Build.0 = Debug|Any CPU
		{1BA1BD7B-5AF5-4A71-A800-B1D0C678C499}.Release|Any CPU.ActiveCfg = Release|Any CPU
		{1BA1BD7B-5AF5-4A71-A800-B1D0C678C499}.Release|Any CPU.Build.0 = Release|Any CPU
		{C1863EBF-911B-498F-AB05-E54E9D794CD8}.Debug|Any CPU.ActiveCfg = Debug|Any CPU
		{C1863EBF-911B-498F-AB05-E54E9D794CD8}.Debug|Any CPU.Build.0 = Debug|Any CPU
		{C1863EBF-911B-498F-AB05-E54E9D794CD8}.Release|Any CPU.ActiveCfg = Release|Any CPU
		{C1863EBF-911B-498F-AB05-E54E9D794CD8}.Release|Any CPU.Build.0 = Release|Any CPU
		{954B67F5-6658-4F38-9F6C-F3EA0AD0267C}.Debug|Any CPU.ActiveCfg = Debug|Any CPU
		{954B67F5-6658-4F38-9F6C-F3EA0AD0267C}.Debug|Any CPU.Build.0 = Debug|Any CPU
		{954B67F5-6658-4F38-9F6C-F3EA0AD0267C}.Release|Any CPU.ActiveCfg = Release|Any CPU
		{954B67F5-6658-4F38-9F6C-F3EA0AD0267C}.Release|Any CPU.Build.0 = Release|Any CPU
		{5BCCEDF1-71A4-4011-90D0-245ECF65BDE7}.Debug|Any CPU.ActiveCfg = Debug|Any CPU
		{5BCCEDF1-71A4-4011-90D0-245ECF65BDE7}.Debug|Any CPU.Build.0 = Debug|Any CPU
		{5BCCEDF1-71A4-4011-90D0-245ECF65BDE7}.Release|Any CPU.ActiveCfg = Release|Any CPU
		{5BCCEDF1-71A4-4011-90D0-245ECF65BDE7}.Release|Any CPU.Build.0 = Release|Any CPU
		{1B03C29B-4B27-49F2-B3D6-4203B1A3CAF0}.Debug|Any CPU.ActiveCfg = Debug|Any CPU
		{1B03C29B-4B27-49F2-B3D6-4203B1A3CAF0}.Debug|Any CPU.Build.0 = Debug|Any CPU
		{1B03C29B-4B27-49F2-B3D6-4203B1A3CAF0}.Release|Any CPU.ActiveCfg = Release|Any CPU
		{1B03C29B-4B27-49F2-B3D6-4203B1A3CAF0}.Release|Any CPU.Build.0 = Release|Any CPU
		{CB471722-FA3C-45B0-B89D-5C056F767197}.Debug|Any CPU.ActiveCfg = Debug|Any CPU
		{CB471722-FA3C-45B0-B89D-5C056F767197}.Debug|Any CPU.Build.0 = Debug|Any CPU
		{CB471722-FA3C-45B0-B89D-5C056F767197}.Release|Any CPU.ActiveCfg = Release|Any CPU
		{CB471722-FA3C-45B0-B89D-5C056F767197}.Release|Any CPU.Build.0 = Release|Any CPU
		{B872A8FA-8231-4483-81DB-12B526AF74AA}.Debug|Any CPU.ActiveCfg = Debug|Any CPU
		{B872A8FA-8231-4483-81DB-12B526AF74AA}.Debug|Any CPU.Build.0 = Debug|Any CPU
		{B872A8FA-8231-4483-81DB-12B526AF74AA}.Release|Any CPU.ActiveCfg = Release|Any CPU
		{B872A8FA-8231-4483-81DB-12B526AF74AA}.Release|Any CPU.Build.0 = Release|Any CPU
	EndGlobalSection
	GlobalSection(SolutionProperties) = preSolution
		HideSolutionNode = FALSE
	EndGlobalSection
	GlobalSection(ExtensibilityGlobals) = postSolution
		SolutionGuid = {FD75FE09-C190-44BB-95A5-33F9B5740544}
	EndGlobalSection
EndGlobal
