
Microsoft Visual Studio Solution File, Format Version 12.00
# Visual Studio Version 17
VisualStudioVersion = 17.5.33414.496
MinimumVisualStudioVersion = 10.0.40219.1
Project("{9A19103F-16F7-4668-BE54-9A1E7A4F7556}") = "zPowerTools", "zPowerTools\zPowerTools.csproj", "{CB471722-FA3C-45B0-B89D-5C056F767197}"
EndProject
Project("{9A19103F-16F7-4668-BE54-9A1E7A4F7556}") = "VetAwesome.Seeder", "VetAwesome.Seeder\VetAwesome.Seeder.csproj", "{B872A8FA-8231-4483-81DB-12B526AF74AA}"
EndProject
Project("{2150E333-8FDC-42A3-9474-1A3956D46DE8}") = "SQL", "SQL", "{1893893F-156D-4584-830B-9C385BDE77ED}"
	ProjectSection(SolutionItems) = preProject
		SQL\create-tables.sql = SQL\create-tables.sql
		SQL\drop-tables.sql = SQL\drop-tables.sql
		SQL\QueryAppointments.sql = SQL\QueryAppointments.sql
		SQL\Users.sql = SQL\Users.sql
	EndProjectSection
EndProject
Project("{FAE04EC0-301F-11D3-BF4B-00C04F79EFBC}") = "VetAwesome.API", "VetAwesome.API\VetAwesome.API.csproj", "{B827EA9B-F38E-4803-90B2-F8157F0897D0}"
EndProject
Project("{FAE04EC0-301F-11D3-BF4B-00C04F79EFBC}") = "VetAwesome.Domain", "VetAwesome.Domain\VetAwesome.Domain.csproj", "{4AE47804-7F7D-48EC-828A-B6476FB27608}"
EndProject
Project("{FAE04EC0-301F-11D3-BF4B-00C04F79EFBC}") = "VetAwesome.Persistence", "VetAwesome.Persistence\VetAwesome.Persistence.csproj", "{7107995C-D1B5-4C5D-A67B-429DC34902B2}"
EndProject
Project("{FAE04EC0-301F-11D3-BF4B-00C04F79EFBC}") = "VetAwesome.Application", "VetAwesome.Application\VetAwesome.Application.csproj", "{10EB8822-6FE5-492B-B8EE-EF27CE9B141E}"
EndProject
Global
	GlobalSection(SolutionConfigurationPlatforms) = preSolution
		Debug|Any CPU = Debug|Any CPU
		Release|Any CPU = Release|Any CPU
	EndGlobalSection
	GlobalSection(ProjectConfigurationPlatforms) = postSolution
		{CB471722-FA3C-45B0-B89D-5C056F767197}.Debug|Any CPU.ActiveCfg = Debug|Any CPU
		{CB471722-FA3C-45B0-B89D-5C056F767197}.Debug|Any CPU.Build.0 = Debug|Any CPU
		{CB471722-FA3C-45B0-B89D-5C056F767197}.Release|Any CPU.ActiveCfg = Release|Any CPU
		{CB471722-FA3C-45B0-B89D-5C056F767197}.Release|Any CPU.Build.0 = Release|Any CPU
		{B872A8FA-8231-4483-81DB-12B526AF74AA}.Debug|Any CPU.ActiveCfg = Debug|Any CPU
		{B872A8FA-8231-4483-81DB-12B526AF74AA}.Debug|Any CPU.Build.0 = Debug|Any CPU
		{B872A8FA-8231-4483-81DB-12B526AF74AA}.Release|Any CPU.ActiveCfg = Release|Any CPU
		{B872A8FA-8231-4483-81DB-12B526AF74AA}.Release|Any CPU.Build.0 = Release|Any CPU
		{B827EA9B-F38E-4803-90B2-F8157F0897D0}.Debug|Any CPU.ActiveCfg = Debug|Any CPU
		{B827EA9B-F38E-4803-90B2-F8157F0897D0}.Debug|Any CPU.Build.0 = Debug|Any CPU
		{B827EA9B-F38E-4803-90B2-F8157F0897D0}.Release|Any CPU.ActiveCfg = Release|Any CPU
		{B827EA9B-F38E-4803-90B2-F8157F0897D0}.Release|Any CPU.Build.0 = Release|Any CPU
		{4AE47804-7F7D-48EC-828A-B6476FB27608}.Debug|Any CPU.ActiveCfg = Debug|Any CPU
		{4AE47804-7F7D-48EC-828A-B6476FB27608}.Debug|Any CPU.Build.0 = Debug|Any CPU
		{4AE47804-7F7D-48EC-828A-B6476FB27608}.Release|Any CPU.ActiveCfg = Release|Any CPU
		{4AE47804-7F7D-48EC-828A-B6476FB27608}.Release|Any CPU.Build.0 = Release|Any CPU
		{7107995C-D1B5-4C5D-A67B-429DC34902B2}.Debug|Any CPU.ActiveCfg = Debug|Any CPU
		{7107995C-D1B5-4C5D-A67B-429DC34902B2}.Debug|Any CPU.Build.0 = Debug|Any CPU
		{7107995C-D1B5-4C5D-A67B-429DC34902B2}.Release|Any CPU.ActiveCfg = Release|Any CPU
		{7107995C-D1B5-4C5D-A67B-429DC34902B2}.Release|Any CPU.Build.0 = Release|Any CPU
		{10EB8822-6FE5-492B-B8EE-EF27CE9B141E}.Debug|Any CPU.ActiveCfg = Debug|Any CPU
		{10EB8822-6FE5-492B-B8EE-EF27CE9B141E}.Debug|Any CPU.Build.0 = Debug|Any CPU
		{10EB8822-6FE5-492B-B8EE-EF27CE9B141E}.Release|Any CPU.ActiveCfg = Release|Any CPU
		{10EB8822-6FE5-492B-B8EE-EF27CE9B141E}.Release|Any CPU.Build.0 = Release|Any CPU
	EndGlobalSection
	GlobalSection(SolutionProperties) = preSolution
		HideSolutionNode = FALSE
	EndGlobalSection
	GlobalSection(ExtensibilityGlobals) = postSolution
		SolutionGuid = {FD75FE09-C190-44BB-95A5-33F9B5740544}
	EndGlobalSection
EndGlobal
