
Microsoft Visual Studio Solution File, Format Version 12.00
# Visual Studio Version 17
VisualStudioVersion = 17.5.33414.496
MinimumVisualStudioVersion = 10.0.40219.1
Project("{9A19103F-16F7-4668-BE54-9A1E7A4F7556}") = "VetAwesome.Domain", "VetAwesome.Domain\VetAwesome.Domain.csproj", "{1BA1BD7B-5AF5-4A71-A800-B1D0C678C499}"
EndProject
Project("{FAE04EC0-301F-11D3-BF4B-00C04F79EFBC}") = "VetAwesome.Persistence", "VetAwesome.Persistence\VetAwesome.Persistence.csproj", "{069F8D43-5214-4631-915E-B89208F4C2FF}"
EndProject
Global
	GlobalSection(SolutionConfigurationPlatforms) = preSolution
		Debug|Any CPU = Debug|Any CPU
		Release|Any CPU = Release|Any CPU
	EndGlobalSection
	GlobalSection(ProjectConfigurationPlatforms) = postSolution
		{1BA1BD7B-5AF5-4A71-A800-B1D0C678C499}.Debug|Any CPU.ActiveCfg = Debug|Any CPU
		{1BA1BD7B-5AF5-4A71-A800-B1D0C678C499}.Debug|Any CPU.Build.0 = Debug|Any CPU
		{1BA1BD7B-5AF5-4A71-A800-B1D0C678C499}.Release|Any CPU.ActiveCfg = Release|Any CPU
		{1BA1BD7B-5AF5-4A71-A800-B1D0C678C499}.Release|Any CPU.Build.0 = Release|Any CPU
		{069F8D43-5214-4631-915E-B89208F4C2FF}.Debug|Any CPU.ActiveCfg = Debug|Any CPU
		{069F8D43-5214-4631-915E-B89208F4C2FF}.Debug|Any CPU.Build.0 = Debug|Any CPU
		{069F8D43-5214-4631-915E-B89208F4C2FF}.Release|Any CPU.ActiveCfg = Release|Any CPU
		{069F8D43-5214-4631-915E-B89208F4C2FF}.Release|Any CPU.Build.0 = Release|Any CPU
	EndGlobalSection
	GlobalSection(SolutionProperties) = preSolution
		HideSolutionNode = FALSE
	EndGlobalSection
	GlobalSection(ExtensibilityGlobals) = postSolution
		SolutionGuid = {FD75FE09-C190-44BB-95A5-33F9B5740544}
	EndGlobalSection
EndGlobal
